{
  "name": "DTMWeb",
  "version": "0.0.1",
  "lockfileVersion": 1,
  "dependencies": {
    "accepts": {
      "version": "https://registry.npmjs.org/accepts/-/accepts-1.3.3.tgz",
      "integrity": "sha1-w8p0NJOGSMPg2cHjKN1otiLChMo="
    },
    "after": {
      "version": "0.8.1",
      "resolved": "https://registry.npmjs.org/after/-/after-0.8.1.tgz",
      "integrity": "sha1-q11PuIP1loFtNRX495HAr0ht1ic="
    },
    "array-flatten": {
      "version": "https://registry.npmjs.org/array-flatten/-/array-flatten-1.1.1.tgz",
      "integrity": "sha1-ml9pkFGx5wczKPKgCJaLZOopVdI="
    },
    "arraybuffer.slice": {
      "version": "0.0.6",
      "resolved": "https://registry.npmjs.org/arraybuffer.slice/-/arraybuffer.slice-0.0.6.tgz",
      "integrity": "sha1-8zshWfBTKj8xB6JywMz70a0peco="
    },
    "async": {
      "version": "https://registry.npmjs.org/async/-/async-1.5.2.tgz",
      "integrity": "sha1-7GphrlZIDAw8skHJVhjiCJL5Zyo="
    },
    "backo2": {
      "version": "1.0.2",
      "resolved": "https://registry.npmjs.org/backo2/-/backo2-1.0.2.tgz",
      "integrity": "sha1-MasayLEpNjRj41s+u2n038+6eUc="
    },
    "base64-arraybuffer": {
      "version": "0.1.2",
      "resolved": "https://registry.npmjs.org/base64-arraybuffer/-/base64-arraybuffer-0.1.2.tgz",
      "integrity": "sha1-R030qfLaJOBd8xWMOx2zw81GoVQ="
    },
    "base64id": {
      "version": "0.1.0",
      "resolved": "https://registry.npmjs.org/base64id/-/base64id-0.1.0.tgz",
      "integrity": "sha1-As4P3u4M709ACA4ec+g08LG/zj8="
    },
    "benchmark": {
      "version": "1.0.0",
      "resolved": "https://registry.npmjs.org/benchmark/-/benchmark-1.0.0.tgz",
      "integrity": "sha1-Lx4vpMNZ8REiqhgwgiGOlX45DHM="
    },
    "better-assert": {
      "version": "1.0.2",
      "resolved": "https://registry.npmjs.org/better-assert/-/better-assert-1.0.2.tgz",
      "integrity": "sha1-QIZrnhueC1W0gYlDEeaPr/rrxSI="
    },
    "bluebird": {
      "version": "https://registry.npmjs.org/bluebird/-/bluebird-2.10.2.tgz",
      "integrity": "sha1-AkpVFylTCIV/FPkfEQb8O1VfRGs="
    },
    "body-parser": {
      "version": "https://registry.npmjs.org/body-parser/-/body-parser-1.15.2.tgz",
      "integrity": "sha1-11eM9PHRHV9uqATO813Hp/9trmc="
    },
    "bson": {
      "version": "https://registry.npmjs.org/bson/-/bson-0.5.2.tgz",
      "integrity": "sha1-/w+7+QqZ7uBr8zxC7fc+UWkPvr0="
    },
    "bytes": {
      "version": "https://registry.npmjs.org/bytes/-/bytes-2.4.0.tgz",
      "integrity": "sha1-fZcZb51br39pNeJZhVSe3SpsIzk="
    },
    "callsite": {
      "version": "1.0.0",
      "resolved": "https://registry.npmjs.org/callsite/-/callsite-1.0.0.tgz",
      "integrity": "sha1-KAOY5dZkvXQDi28JBRU+borxvCA="
    },
    "component-bind": {
      "version": "1.0.0",
      "resolved": "https://registry.npmjs.org/component-bind/-/component-bind-1.0.0.tgz",
      "integrity": "sha1-AMYIq33Nk4l8AAllGx06jh5zu9E="
    },
    "component-emitter": {
      "version": "1.1.2",
      "resolved": "https://registry.npmjs.org/component-emitter/-/component-emitter-1.1.2.tgz",
      "integrity": "sha1-KWWU8nU9qmOZbSrwjRWpURbJrsM="
    },
    "component-inherit": {
      "version": "0.0.3",
      "resolved": "https://registry.npmjs.org/component-inherit/-/component-inherit-0.0.3.tgz",
      "integrity": "sha1-ZF/ErfWLcrZJ1crmUTVhnbJv8UM="
    },
    "content-disposition": {
      "version": "https://registry.npmjs.org/content-disposition/-/content-disposition-0.5.1.tgz",
      "integrity": "sha1-h0dsamfI2qh+Muh2Ft+IO6f7Bxs="
    },
    "content-type": {
      "version": "https://registry.npmjs.org/content-type/-/content-type-1.0.2.tgz",
      "integrity": "sha1-t9ETrueo3Se9IRM8TcJSnfFyHu0="
    },
    "cookie": {
      "version": "https://registry.npmjs.org/cookie/-/cookie-0.3.1.tgz",
      "integrity": "sha1-5+Ch+e9DtMi6klxcWpboBtFoc7s="
    },
    "cookie-signature": {
      "version": "https://registry.npmjs.org/cookie-signature/-/cookie-signature-1.0.6.tgz",
      "integrity": "sha1-4wOogrNCzD7oylE6eZmXNNqzriw="
    },
    "cool-ascii-faces": {
      "version": "https://registry.npmjs.org/cool-ascii-faces/-/cool-ascii-faces-1.3.4.tgz",
      "integrity": "sha1-8Wo6d91ZRBSBJ2ykZz5qR8ZvsLI="
    },
    "core-util-is": {
      "version": "https://registry.npmjs.org/core-util-is/-/core-util-is-1.0.2.tgz",
      "integrity": "sha1-tf1UIgqivFq1eqtxQMlAdUUDwac="
    },
    "debug": {
      "version": "https://registry.npmjs.org/debug/-/debug-2.2.0.tgz",
      "integrity": "sha1-+HBX6ZWxofauaklgZkE3vFbwOdo="
    },
    "depd": {
      "version": "https://registry.npmjs.org/depd/-/depd-1.1.0.tgz",
      "integrity": "sha1-4b2Cxqq2ztlluXuIsX7T5SjKGMM="
    },
    "destroy": {
      "version": "https://registry.npmjs.org/destroy/-/destroy-1.0.4.tgz",
      "integrity": "sha1-l4hXRCxEdJ5CBmE+N5RiBYJqvYA="
    },
    "ee-first": {
      "version": "https://registry.npmjs.org/ee-first/-/ee-first-1.1.1.tgz",
      "integrity": "sha1-WQxhFWsK4vTwJVcyoViyZrxWsh0="
    },
    "encodeurl": {
      "version": "https://registry.npmjs.org/encodeurl/-/encodeurl-1.0.1.tgz",
      "integrity": "sha1-eePVhlU0aQn+bw9Fpd5oEDspTSA="
    },
    "es6-promise": {
      "version": "https://registry.npmjs.org/es6-promise/-/es6-promise-3.0.2.tgz",
      "integrity": "sha1-AQ1YWEI6XxGJeWZfRkhqlcbuK7Y="
    },
    "escape-html": {
      "version": "https://registry.npmjs.org/escape-html/-/escape-html-1.0.3.tgz",
      "integrity": "sha1-Aljq5NPQwJdN4cFpGI7wBR0dGYg="
    },
    "etag": {
      "version": "https://registry.npmjs.org/etag/-/etag-1.7.0.tgz",
      "integrity": "sha1-A9MLX2fdbmMtKUXTDWZScxo01dg="
    },
    "express": {
      "version": "https://registry.npmjs.org/express/-/express-4.14.0.tgz",
      "integrity": "sha1-we4/Qs3Ikfs9xlCoki1R7IR9DWY="
    },
    "finalhandler": {
      "version": "https://registry.npmjs.org/finalhandler/-/finalhandler-0.5.0.tgz",
      "integrity": "sha1-6VCKvs6bbbqHGmlCodeRG5GRGsc="
    },
    "forwarded": {
      "version": "https://registry.npmjs.org/forwarded/-/forwarded-0.1.0.tgz",
      "integrity": "sha1-Ge+YdMSuHCl7zweP3mOgm2aoQ2M="
    },
    "fresh": {
      "version": "https://registry.npmjs.org/fresh/-/fresh-0.3.0.tgz",
      "integrity": "sha1-ZR+DjiJCTnVm3hYdg1jKoZn4PU8="
    },
    "hooks-fixed": {
      "version": "https://registry.npmjs.org/hooks-fixed/-/hooks-fixed-1.1.0.tgz",
      "integrity": "sha1-DowVM2cI5mERhf45C0RofdUjDbs="
    },
    "http-errors": {
      "version": "https://registry.npmjs.org/http-errors/-/http-errors-1.5.0.tgz",
      "integrity": "sha1-scs9gmD9jiOGytMYkEWUM3LUghE="
    },
    "iconv-lite": {
      "version": "https://registry.npmjs.org/iconv-lite/-/iconv-lite-0.4.13.tgz",
      "integrity": "sha1-H4irpKsLFQjoMSrMOTRfNumS4vI="
    },
    "indexof": {
      "version": "0.0.1",
      "resolved": "https://registry.npmjs.org/indexof/-/indexof-0.0.1.tgz",
      "integrity": "sha1-gtwzbSMrkGIXnQWrMpOmYFn9Q10="
    },
    "inherits": {
      "version": "https://registry.npmjs.org/inherits/-/inherits-2.0.1.tgz",
      "integrity": "sha1-sX0I0ya0Qj5Wjv9xn5GwscvfafE="
    },
    "ipaddr.js": {
      "version": "https://registry.npmjs.org/ipaddr.js/-/ipaddr.js-1.1.1.tgz",
      "integrity": "sha1-x5HZX1KynBJH1d+AraObinNkcjA="
    },
    "isarray": {
      "version": "https://registry.npmjs.org/isarray/-/isarray-0.0.1.tgz",
      "integrity": "sha1-ihis/Kmo9Bd+Cav8YDiTmwXR7t8="
    },
    "json3": {
      "version": "3.2.6",
      "resolved": "https://registry.npmjs.org/json3/-/json3-3.2.6.tgz",
      "integrity": "sha1-9u/JPAagTemuxTBT3yVZuxniA4s="
    },
    "kareem": {
      "version": "https://registry.npmjs.org/kareem/-/kareem-1.1.3.tgz",
      "integrity": "sha1-CHdhDYh5w42mLR26/eThfyaS8EE="
    },
    "media-typer": {
      "version": "https://registry.npmjs.org/media-typer/-/media-typer-0.3.0.tgz",
      "integrity": "sha1-hxDXrwqmJvj/+hzgAWhUUmMlV0g="
    },
    "merge-descriptors": {
      "version": "https://registry.npmjs.org/merge-descriptors/-/merge-descriptors-1.0.1.tgz",
      "integrity": "sha1-sAqqVW3YtEVoFQ7J0blT8/kMu2E="
    },
    "method-override": {
      "version": "https://registry.npmjs.org/method-override/-/method-override-2.0.2.tgz",
      "integrity": "sha1-AFMSeMeXiWQL8n6X4mo6Wh98ynM=",
      "dependencies": {
        "methods": {
          "version": "https://registry.npmjs.org/methods/-/methods-1.0.1.tgz",
          "integrity": "sha1-dbyRlD3/19oDfPPusO1zoAN80Us="
        },
        "parseurl": {
          "version": "https://registry.npmjs.org/parseurl/-/parseurl-1.0.1.tgz",
          "integrity": "sha1-Llfc5u/dN8NRhwEDCUTCK/OIt7Q="
        },
        "vary": {
          "version": "https://registry.npmjs.org/vary/-/vary-0.1.0.tgz",
          "integrity": "sha1-3wlFiZ6TwMxb0YzIMh2dIedPYXY="
        }
      }
    },
    "methods": {
      "version": "https://registry.npmjs.org/methods/-/methods-1.1.2.tgz",
      "integrity": "sha1-VSmk1nZUE07cxSZmVoNbD4Ua/O4="
    },
    "mime": {
      "version": "https://registry.npmjs.org/mime/-/mime-1.3.4.tgz",
      "integrity": "sha1-EV+eO2s9rylZmDyzjxSaLUDrXVM="
    },
    "mime-db": {
      "version": "https://registry.npmjs.org/mime-db/-/mime-db-1.23.0.tgz",
      "integrity": "sha1-oxtAcK2uon1zLqMzdApk0OyaZlk="
    },
    "mime-types": {
      "version": "https://registry.npmjs.org/mime-types/-/mime-types-2.1.11.tgz",
      "integrity": "sha1-wlnEcb2oCKhdbNGTtDCl+uRHOzw="
    },
    "mongodb": {
      "version": "https://registry.npmjs.org/mongodb/-/mongodb-2.2.2.tgz",
      "integrity": "sha1-rJ6WYvku/Bajir7QgoPUg+Wlyxg=",
      "dependencies": {
        "readable-stream": {
          "version": "https://registry.npmjs.org/readable-stream/-/readable-stream-1.0.31.tgz",
          "integrity": "sha1-jyUC4LyeOw2huUUgqrtOJgPsr64="
        }
      }
    },
    "mongodb-core": {
      "version": "https://registry.npmjs.org/mongodb-core/-/mongodb-core-2.0.5.tgz",
      "integrity": "sha1-6x1y5rCFyN56rTmby2b0HLNnQmc="
    },
    "mongoose": {
      "version": "https://registry.npmjs.org/mongoose/-/mongoose-4.5.5.tgz",
      "integrity": "sha1-IhJVxosBw+nLwUy2z5JdQKA0smI=",
      "dependencies": {
        "bson": {
          "version": "https://registry.npmjs.org/bson/-/bson-0.4.23.tgz",
          "integrity": "sha1-5louPHUH/63kEJvHV1p25Q+NqRU="
        },
        "mongodb": {
          "version": "https://registry.npmjs.org/mongodb/-/mongodb-2.1.18.tgz",
          "integrity": "sha1-KNQLUVsr5NWmn/3UxTXw30MuQJc="
        },
        "mongodb-core": {
          "version": "https://registry.npmjs.org/mongodb-core/-/mongodb-core-1.3.18.tgz",
          "integrity": "sha1-kGhLO3xzVtZa41Y5HTCw8kiATHo="
        },
        "readable-stream": {
          "version": "https://registry.npmjs.org/readable-stream/-/readable-stream-1.0.31.tgz",
          "integrity": "sha1-jyUC4LyeOw2huUUgqrtOJgPsr64="
        }
      }
    },
    "mongoose-geojson-schema": {
      "version": "https://registry.npmjs.org/mongoose-geojson-schema/-/mongoose-geojson-schema-2.1.1.tgz",
      "integrity": "sha1-vjzftuh2hHPiD5iT5KZz+dhV5Pc="
    },
    "mpath": {
      "version": "https://registry.npmjs.org/mpath/-/mpath-0.2.1.tgz",
      "integrity": "sha1-Ok6Ck1mAHeljCcJ6ay4QLon56W4="
    },
    "mpromise": {
      "version": "https://registry.npmjs.org/mpromise/-/mpromise-0.5.5.tgz",
      "integrity": "sha1-9bJCWddjrMIlewoMjG2Gb9UXMuY="
    },
    "mquery": {
      "version": "https://registry.npmjs.org/mquery/-/mquery-1.11.0.tgz",
      "integrity": "sha1-4MZd7bEDftv2z7iCYud3/uI1Udk=",
      "dependencies": {
        "sliced": {
          "version": "https://registry.npmjs.org/sliced/-/sliced-0.0.5.tgz",
          "integrity": "sha1-XtwETKTrb3gW1Qui/GPiXY/kcH8="
        }
      }
    },
    "ms": {
      "version": "https://registry.npmjs.org/ms/-/ms-0.7.1.tgz",
      "integrity": "sha1-nNE8A62/8ltl7/3nzoZO6VIBcJg="
    },
    "muri": {
      "version": "https://registry.npmjs.org/muri/-/muri-1.1.0.tgz",
      "integrity": "sha1-o6bXTmiogPQzokmnSWnLtmXMCt0="
    },
    "negotiator": {
      "version": "https://registry.npmjs.org/negotiator/-/negotiator-0.6.1.tgz",
      "integrity": "sha1-KzJxhOiZIQEXeyhWP7XnECrNDKk="
    },
    "object-component": {
      "version": "0.0.3",
      "resolved": "https://registry.npmjs.org/object-component/-/object-component-0.0.3.tgz",
      "integrity": "sha1-8MaapQ78lbhmwYb0AKM3acsvEpE="
    },
    "on-finished": {
      "version": "https://registry.npmjs.org/on-finished/-/on-finished-2.3.0.tgz",
      "integrity": "sha1-IPEzZIGwg811M3mSoWlxqi2QaUc="
    },
    "options": {
      "version": "0.0.6",
      "resolved": "https://registry.npmjs.org/options/-/options-0.0.6.tgz",
      "integrity": "sha1-7CLTEoBrtT5zF3Pnza788cZDEo8="
    },
    "parsejson": {
      "version": "0.0.1",
      "resolved": "https://registry.npmjs.org/parsejson/-/parsejson-0.0.1.tgz",
      "integrity": "sha1-mxDGwNglq1ieaFFTgm3go7oni8w="
    },
    "parseqs": {
      "version": "0.0.2",
      "resolved": "https://registry.npmjs.org/parseqs/-/parseqs-0.0.2.tgz",
      "integrity": "sha1-nf5wss3aw4i95PNbHyQPpYrb5sc="
    },
    "parseurl": {
      "version": "https://registry.npmjs.org/parseurl/-/parseurl-1.3.1.tgz",
      "integrity": "sha1-yKuMkiO6NIiKpkopeyiFO+wY2lY="
    },
    "path-to-regexp": {
      "version": "https://registry.npmjs.org/path-to-regexp/-/path-to-regexp-0.1.7.tgz",
      "integrity": "sha1-32BBeABfUi8V60SQ5yR6G/qmf4w="
    },
    "proxy-addr": {
      "version": "https://registry.npmjs.org/proxy-addr/-/proxy-addr-1.1.2.tgz",
      "integrity": "sha1-tMxfImENlTWCTBI675089zxAujc="
    },
    "qs": {
      "version": "https://registry.npmjs.org/qs/-/qs-6.2.0.tgz",
      "integrity": "sha1-O3hIwDwt7OaalSKw+ujEEm10Xzs="
    },
    "range-parser": {
      "version": "https://registry.npmjs.org/range-parser/-/range-parser-1.2.0.tgz",
      "integrity": "sha1-9JvmtIeJTdxA3MlKMi9hEJLgDV4="
    },
    "raw-body": {
      "version": "https://registry.npmjs.org/raw-body/-/raw-body-2.1.7.tgz",
      "integrity": "sha1-rf6s4uT7MJgFgBTQjActzFl1h3Q="
    },
    "readable-stream": {
      "version": "https://registry.npmjs.org/readable-stream/-/readable-stream-1.1.14.tgz",
      "integrity": "sha1-fPTFTvZI44EwhMY23SB54WbAgdk="
    },
    "regexp-clone": {
      "version": "https://registry.npmjs.org/regexp-clone/-/regexp-clone-0.0.1.tgz",
      "integrity": "sha1-p8LgmJH9vzj7sQ03b7cwA+aKxYk="
    },
    "require_optional": {
      "version": "https://registry.npmjs.org/require_optional/-/require_optional-1.0.0.tgz",
      "integrity": "sha1-UqhhN6hJco62ClVTNhf4+RT1mr8="
    },
    "resolve-from": {
      "version": "https://registry.npmjs.org/resolve-from/-/resolve-from-2.0.0.tgz",
      "integrity": "sha1-lICrIOlP+h2egKgEx+oUdhGWa1c="
    },
    "semver": {
      "version": "https://registry.npmjs.org/semver/-/semver-5.3.0.tgz",
      "integrity": "sha1-myzl094C0XxgEq0yaqa00M9U+U8="
    },
    "send": {
      "version": "https://registry.npmjs.org/send/-/send-0.14.1.tgz",
      "integrity": "sha1-qVSYQyU5L1FTKndgdg5FlZjIn3o="
    },
    "serve-static": {
      "version": "https://registry.npmjs.org/serve-static/-/serve-static-1.11.1.tgz",
      "integrity": "sha1-1sznaTUF9zPHWd5Xvvwa92wPCAU="
    },
    "setprototypeof": {
      "version": "https://registry.npmjs.org/setprototypeof/-/setprototypeof-1.0.1.tgz",
      "integrity": "sha1-UgCbJ4iMTcSPWRlJwKgnWDTByn4="
    },
    "sliced": {
      "version": "https://registry.npmjs.org/sliced/-/sliced-1.0.1.tgz",
      "integrity": "sha1-CzpmK10Ewxd7GSa+qCsD+Dei70E="
    },
    "socket.io": {
      "version": "1.4.6",
      "resolved": "https://registry.npmjs.org/socket.io/-/socket.io-1.4.6.tgz",
      "integrity": "sha1-Dd3Cy4+5tm/JKGBPE/aqkQJUzBw=",
      "dependencies": {
        "accepts": {
          "version": "1.1.4",
          "resolved": "https://registry.npmjs.org/accepts/-/accepts-1.1.4.tgz",
          "integrity": "sha1-1xyW99QdD+2iw4zRToonwEFY30o="
        },
        "blob": {
          "version": "0.0.4",
          "resolved": "https://registry.npmjs.org/blob/-/blob-0.0.4.tgz",
          "integrity": "sha1-vPEwUspURj8w+fx+lbmkdjCpSSE="
        },
        "engine.io": {
          "version": "1.6.9",
          "resolved": "https://registry.npmjs.org/engine.io/-/engine.io-1.6.9.tgz",
          "integrity": "sha1-H+L+gnrbXW8pbhACQD7foEa7aXU="
        },
        "engine.io-client": {
          "version": "1.6.9",
          "resolved": "https://registry.npmjs.org/engine.io-client/-/engine.io-client-1.6.9.tgz",
          "integrity": "sha1-HWrUgEilCDyVCWlDsp0279shJAE="
        },
        "engine.io-parser": {
          "version": "1.2.4",
          "resolved": "https://registry.npmjs.org/engine.io-parser/-/engine.io-parser-1.2.4.tgz",
          "integrity": "sha1-4Il7C/FOeS1M0qWVBVORnFaUjEI=",
          "dependencies": {
            "has-binary": {
              "version": "0.1.6",
              "resolved": "https://registry.npmjs.org/has-binary/-/has-binary-0.1.6.tgz",
              "integrity": "sha1-JTJvOc+k9hath4eJTjryz7x7bhA="
            }
          }
        },
        "has-binary": {
          "version": "0.1.7",
          "resolved": "https://registry.npmjs.org/has-binary/-/has-binary-0.1.7.tgz",
          "integrity": "sha1-aOYesWIQyVRaClzOBqhzkS/h5ow="
        },
        "has-cors": {
          "version": "1.1.0",
          "resolved": "https://registry.npmjs.org/has-cors/-/has-cors-1.1.0.tgz",
          "integrity": "sha1-XkdHk/fqmEPRu5nCPu9J/xJv/zk="
        },
        "mime-db": {
          "version": "1.12.0",
          "resolved": "https://registry.npmjs.org/mime-db/-/mime-db-1.12.0.tgz",
          "integrity": "sha1-PQxjGA9FjrENMlqqN9fFiuMS6dc="
        },
        "mime-types": {
          "version": "2.0.14",
          "resolved": "https://registry.npmjs.org/mime-types/-/mime-types-2.0.14.tgz",
          "integrity": "sha1-MQ4VnbI+B3+Lsit0jav6SVcUCqY="
        },
        "negotiator": {
          "version": "0.4.9",
          "resolved": "https://registry.npmjs.org/negotiator/-/negotiator-0.4.9.tgz",
          "integrity": "sha1-kuRrbbU8fkIe1koryU8IvnYw3z8="
        },
        "parseuri": {
          "version": "0.0.4",
          "resolved": "https://registry.npmjs.org/parseuri/-/parseuri-0.0.4.tgz",
          "integrity": "sha1-gGWCo5iH4eoY3V4v4OAZAiaOk1A="
        },
        "socket.io-adapter": {
          "version": "0.4.0",
          "resolved": "https://registry.npmjs.org/socket.io-adapter/-/socket.io-adapter-0.4.0.tgz",
          "integrity": "sha1-+5+CqxqmUpC/csNleVW5MKmRok8=",
          "dependencies": {
            "socket.io-parser": {
              "version": "2.2.2",
              "resolved": "https://registry.npmjs.org/socket.io-parser/-/socket.io-parser-2.2.2.tgz",
              "integrity": "sha1-PXr2tkSX6Va32f53X5mXFgJ/lBc=",
              "dependencies": {
                "debug": {
                  "version": "0.7.4",
                  "resolved": "https://registry.npmjs.org/debug/-/debug-0.7.4.tgz",
                  "integrity": "sha1-BuHqgILCyxTjmAbiLi9vdX+Srzk="
                }
              }
            }
          }
        },
        "socket.io-client": {
          "version": "1.4.6",
          "resolved": "https://registry.npmjs.org/socket.io-client/-/socket.io-client-1.4.6.tgz",
          "integrity": "sha1-SbC6U379FbgpfIQBbmQuHHx1LD0=",
          "dependencies": {
            "component-emitter": {
              "version": "1.2.0",
              "resolved": "https://registry.npmjs.org/component-emitter/-/component-emitter-1.2.0.tgz",
              "integrity": "sha1-zNETqGOI0GSC0D3j/H35hSa6jv4="
            }
          }
        },
        "socket.io-parser": {
          "version": "2.2.6",
          "resolved": "https://registry.npmjs.org/socket.io-parser/-/socket.io-parser-2.2.6.tgz",
          "integrity": "sha1-ON/WHfUNz4qx2eIJEyK/kCuii5k=",
          "dependencies": {
            "json3": {
              "version": "3.3.2",
              "resolved": "https://registry.npmjs.org/json3/-/json3-3.3.2.tgz",
              "integrity": "sha1-PAQ0dD35Pi9cQq7nsZvLSDV19OE="
            }
          }
        },
        "to-array": {
          "version": "0.1.4",
          "resolved": "https://registry.npmjs.org/to-array/-/to-array-0.1.4.tgz",
          "integrity": "sha1-F+bBH3PdTz10zaek/zI46a2b+JA="
        },
        "utf8": {
          "version": "2.1.0",
          "resolved": "https://registry.npmjs.org/utf8/-/utf8-2.1.0.tgz",
          "integrity": "sha1-DP7FyAUtRKI+OqqQgQToB1+V39U="
        },
        "ws": {
          "version": "1.0.1",
          "resolved": "https://registry.npmjs.org/ws/-/ws-1.0.1.tgz",
          "integrity": "sha1-fQsqLljN3YGQOcKcneZQReGzEOk="
        }
      }
    },
    "statuses": {
      "version": "https://registry.npmjs.org/statuses/-/statuses-1.3.0.tgz",
      "integrity": "sha1-jlV1jLIOdoLB9Pzo3KswvwHR4Ho="
    },
    "stream-spigot": {
      "version": "https://registry.npmjs.org/stream-spigot/-/stream-spigot-3.0.5.tgz",
      "integrity": "sha1-YYaitOCgHcfI28l0X8ZnyubDO0E="
    },
    "string_decoder": {
      "version": "https://registry.npmjs.org/string_decoder/-/string_decoder-0.10.31.tgz",
      "integrity": "sha1-YuIDvEF2bGwoyfyEMB2rHFMQ+pQ="
    },
    "type-is": {
      "version": "https://registry.npmjs.org/type-is/-/type-is-1.6.13.tgz",
      "integrity": "sha1-boO6e8MM0zp7sLf7AHN6IIW/nQg="
    },
    "ultron": {
      "version": "1.0.2",
      "resolved": "https://registry.npmjs.org/ultron/-/ultron-1.0.2.tgz",
      "integrity": "sha1-rOEWq1V80Zc4ak6I9GhTeMiy5Po="
    },
    "unpipe": {
      "version": "https://registry.npmjs.org/unpipe/-/unpipe-1.0.0.tgz",
      "integrity": "sha1-sr9O6FFKrmFltIF4KdIbLvSZBOw="
    },
    "utils-merge": {
      "version": "https://registry.npmjs.org/utils-merge/-/utils-merge-1.0.0.tgz",
      "integrity": "sha1-ApT7kiu5N1FTVBxPcJYjHyh8ivg="
    },
    "vary": {
      "version": "https://registry.npmjs.org/vary/-/vary-1.1.0.tgz",
      "integrity": "sha1-4eWv+70WrnaN0mdDlLmtMCJlMUA="
    },
    "xmlhttprequest-ssl": {
      "version": "1.5.1",
      "resolved": "https://registry.npmjs.org/xmlhttprequest-ssl/-/xmlhttprequest-ssl-1.5.1.tgz",
      "integrity": "sha1-O3dB/qSoZnWXbpCNKW1ERZYfqmc="
    },
    "xtend": {
      "version": "https://registry.npmjs.org/xtend/-/xtend-4.0.1.tgz",
      "integrity": "sha1-pcbVMr5lbiPbgg77lDofBJmNY68="
    },
    "yeast": {
      "version": "0.1.2",
      "resolved": "https://registry.npmjs.org/yeast/-/yeast-0.1.2.tgz",
      "integrity": "sha1-AI4G2AlDIMNy28L47XagymyKxBk="
    }
  }
}
